// !$*UTF8*$!
{
	archiveVersion = 1;
	classes = {
	};
	objectVersion = 50;
	objects = {

/* Begin PBXBuildFile section */
		0430EFB42542DBFE00E4099E /* AppDelegate.swift in Sources */ = {isa = PBXBuildFile; fileRef = 0430EFB32542DBFE00E4099E /* AppDelegate.swift */; };
		0430EFB62542DBFE00E4099E /* SceneDelegate.swift in Sources */ = {isa = PBXBuildFile; fileRef = 0430EFB52542DBFE00E4099E /* SceneDelegate.swift */; };
		0430EFB82542DBFE00E4099E /* ViewController.swift in Sources */ = {isa = PBXBuildFile; fileRef = 0430EFB72542DBFE00E4099E /* ViewController.swift */; };
		0430EFBB2542DBFE00E4099E /* Main.storyboard in Resources */ = {isa = PBXBuildFile; fileRef = 0430EFB92542DBFE00E4099E /* Main.storyboard */; };
		0430EFBD2542DBFF00E4099E /* Assets.xcassets in Resources */ = {isa = PBXBuildFile; fileRef = 0430EFBC2542DBFF00E4099E /* Assets.xcassets */; };
		0430EFC02542DBFF00E4099E /* LaunchScreen.storyboard in Resources */ = {isa = PBXBuildFile; fileRef = 0430EFBE2542DBFF00E4099E /* LaunchScreen.storyboard */; };
/* End PBXBuildFile section */

/* Begin PBXFileReference section */
		0430EFB02542DBFE00E4099E /* AVPlayerSample.app */ = {isa = PBXFileReference; explicitFileType = wrapper.application; includeInIndex = 0; path = AVPlayerSample.app; sourceTree = BUILT_PRODUCTS_DIR; };
		0430EFB32542DBFE00E4099E /* AppDelegate.swift */ = {isa = PBXFileReference; lastKnownFileType = sourcecode.swift; path = AppDelegate.swift; sourceTree = "<group>"; };
		0430EFB52542DBFE00E4099E /* SceneDelegate.swift */ = {isa = PBXFileReference; lastKnownFileType = sourcecode.swift; path = SceneDelegate.swift; sourceTree = "<group>"; };
		0430EFB72542DBFE00E4099E /* ViewController.swift */ = {isa = PBXFileReference; lastKnownFileType = sourcecode.swift; path = ViewController.swift; sourceTree = "<group>"; };
		0430EFBA2542DBFE00E4099E /* Base */ = {isa = PBXFileReference; lastKnownFileType = file.storyboard; name = Base; path = Base.lproj/Main.storyboard; sourceTree = "<group>"; };
		0430EFBC2542DBFF00E4099E /* Assets.xcassets */ = {isa = PBXFileReference; lastKnownFileType = folder.assetcatalog; path = Assets.xcassets; sourceTree = "<group>"; };
		0430EFBF2542DBFF00E4099E /* Base */ = {isa = PBXFileReference; lastKnownFileType = file.storyboard; name = Base; path = Base.lproj/LaunchScreen.storyboard; sourceTree = "<group>"; };
		0430EFC12542DBFF00E4099E /* Info.plist */ = {isa = PBXFileReference; lastKnownFileType = text.plist.xml; path = Info.plist; sourceTree = "<group>"; };
/* End PBXFileReference section */

/* Begin PBXFrameworksBuildPhase section */
		0430EFAD2542DBFE00E4099E /* Frameworks */ = {
			isa = PBXFrameworksBuildPhase;
			buildActionMask = 2147483647;
			files = (
			);
			runOnlyForDeploymentPostprocessing = 0;
		};
/* End PBXFrameworksBuildPhase section */

/* Begin PBXGroup section */
		0430EFA72542DBFE00E4099E = {
			isa = PBXGroup;
			children = (
				0430EFB22542DBFE00E4099E /* AVPlayerSample */,
				0430EFB12542DBFE00E4099E /* Products */,
			);
			sourceTree = "<group>";
		};
		0430EFB12542DBFE00E4099E /* Products */ = {
			isa = PBXGroup;
			children = (
				0430EFB02542DBFE00E4099E /* AVPlayerSample.app */,
			);
			name = Products;
			sourceTree = "<group>";
		};
		0430EFB22542DBFE00E4099E /* AVPlayerSample */ = {
			isa = PBXGroup;
			children = (
				0430EFB32542DBFE00E4099E /* AppDelegate.swift */,
				0430EFB52542DBFE00E4099E /* SceneDelegate.swift */,
				0430EFB72542DBFE00E4099E /* ViewController.swift */,
				0430EFB92542DBFE00E4099E /* Main.storyboard */,
				0430EFBC2542DBFF00E4099E /* Assets.xcassets */,
				0430EFBE2542DBFF00E4099E /* LaunchScreen.storyboard */,
				0430EFC12542DBFF00E4099E /* Info.plist */,
			);
			path = AVPlayerSample;
			sourceTree = "<group>";
		};
/* End PBXGroup section */

/* Begin PBXNativeTarget section */
		0430EFAF2542DBFE00E4099E /* AVPlayerSample */ = {
			isa = PBXNativeTarget;
			buildConfigurationList = 0430EFC42542DBFF00E4099E /* Build configuration list for PBXNativeTarget "AVPlayerSample" */;
			buildPhases = (
				0430EFAC2542DBFE00E4099E /* Sources */,
				0430EFAD2542DBFE00E4099E /* Frameworks */,
				0430EFAE2542DBFE00E4099E /* Resources */,
			);
			buildRules = (
			);
			dependencies = (
			);
			name = AVPlayerSample;
			productName = AVPlayerSample;
			productReference = 0430EFB02542DBFE00E4099E /* AVPlayerSample.app */;
			productType = "com.apple.product-type.application";
		};
/* End PBXNativeTarget section */

/* Begin PBXProject section */
		0430EFA82542DBFE00E4099E /* Project object */ = {
			isa = PBXProject;
			attributes = {
				LastSwiftUpdateCheck = 1200;
				LastUpgradeCheck = 1200;
				TargetAttributes = {
					0430EFAF2542DBFE00E4099E = {
						CreatedOnToolsVersion = 12.0;
					};
				};
			};
			buildConfigurationList = 0430EFAB2542DBFE00E4099E /* Build configuration list for PBXProject "AVPlayerSample" */;
			compatibilityVersion = "Xcode 9.3";
			developmentRegion = en;
			hasScannedForEncodings = 0;
			knownRegions = (
				en,
				Base,
			);
			mainGroup = 0430EFA72542DBFE00E4099E;
			productRefGroup = 0430EFB12542DBFE00E4099E /* Products */;
			projectDirPath = "";
			projectRoot = "";
			targets = (
				0430EFAF2542DBFE00E4099E /* AVPlayerSample */,
			);
		};
/* End PBXProject section */

/* Begin PBXResourcesBuildPhase section */
		0430EFAE2542DBFE00E4099E /* Resources */ = {
			isa = PBXResourcesBuildPhase;
			buildActionMask = 2147483647;
			files = (
				0430EFC02542DBFF00E4099E /* LaunchScreen.storyboard in Resources */,
				0430EFBD2542DBFF00E4099E /* Assets.xcassets in Resources */,
				0430EFBB2542DBFE00E4099E /* Main.storyboard in Resources */,
			);
			runOnlyForDeploymentPostprocessing = 0;
		};
/* End PBXResourcesBuildPhase section */

/* Begin PBXSourcesBuildPhase section */
		0430EFAC2542DBFE00E4099E /* Sources */ = {
			isa = PBXSourcesBuildPhase;
			buildActionMask = 2147483647;
			files = (
				0430EFB82542DBFE00E4099E /* ViewController.swift in Sources */,
				0430EFB42542DBFE00E4099E /* AppDelegate.swift in Sources */,
				0430EFB62542DBFE00E4099E /* SceneDelegate.swift in Sources */,
			);
			runOnlyForDeploymentPostprocessing = 0;
		};
/* End PBXSourcesBuildPhase section */

/* Begin PBXVariantGroup section */
		0430EFB92542DBFE00E4099E /* Main.storyboard */ = {
			isa = PBXVariantGroup;
			children = (
				0430EFBA2542DBFE00E4099E /* Base */,
			);
			name = Main.storyboard;
			sourceTree = "<group>";
		};
		0430EFBE2542DBFF00E4099E /* LaunchScreen.storyboard */ = {
			isa = PBXVariantGroup;
			children = (
				0430EFBF2542DBFF00E4099E /* Base */,
			);
			name = LaunchScreen.storyboard;
			sourceTree = "<group>";
		};
/* End PBXVariantGroup section */

/* Begin XCBuildConfiguration section */
		0430EFC22542DBFF00E4099E /* Debug */ = {
			isa = XCBuildConfiguration;
			buildSettings = {
				ALWAYS_SEARCH_USER_PATHS = NO;
				CLANG_ANALYZER_NONNULL = YES;
				CLANG_ANALYZER_NUMBER_OBJECT_CONVERSION = YES_AGGRESSIVE;
				CLANG_CXX_LANGUAGE_STANDARD = "gnu++14";
				CLANG_CXX_LIBRARY = "libc++";
				CLANG_ENABLE_MODULES = YES;
				CLANG_ENABLE_OBJC_ARC = YES;
				CLANG_ENABLE_OBJC_WEAK = YES;
				CLANG_WARN_BLOCK_CAPTURE_AUTORELEASING = YES;
				CLANG_WARN_BOOL_CONVERSION = YES;
				CLANG_WARN_COMMA = YES;
				CLANG_WARN_CONSTANT_CONVERSION = YES;
				CLANG_WARN_DEPRECATED_OBJC_IMPLEMENTATIONS = YES;
				CLANG_WARN_DIRECT_OBJC_ISA_USAGE = YES_ERROR;
				CLANG_WARN_DOCUMENTATION_COMMENTS = YES;
				CLANG_WARN_EMPTY_BODY = YES;
				CLANG_WARN_ENUM_CONVERSION = YES;
				CLANG_WARN_INFINITE_RECURSION = YES;
				CLANG_WARN_INT_CONVERSION = YES;
				CLANG_WARN_NON_LITERAL_NULL_CONVERSION = YES;
				CLANG_WARN_OBJC_IMPLICIT_RETAIN_SELF = YES;
				CLANG_WARN_OBJC_LITERAL_CONVERSION = YES;
				CLANG_WARN_OBJC_ROOT_CLASS = YES_ERROR;
				CLANG_WARN_QUOTED_INCLUDE_IN_FRAMEWORK_HEADER = YES;
				CLANG_WARN_RANGE_LOOP_ANALYSIS = YES;
				CLANG_WARN_STRICT_PROTOTYPES = YES;
				CLANG_WARN_SUSPICIOUS_MOVE = YES;
				CLANG_WARN_UNGUARDED_AVAILABILITY = YES_AGGRESSIVE;
				CLANG_WARN_UNREACHABLE_CODE = YES;
				CLANG_WARN__DUPLICATE_METHOD_MATCH = YES;
				COPY_PHASE_STRIP = NO;
				DEBUG_INFORMATION_FORMAT = dwarf;
				ENABLE_STRICT_OBJC_MSGSEND = YES;
				ENABLE_TESTABILITY = YES;
				GCC_C_LANGUAGE_STANDARD = gnu11;
				GCC_DYNAMIC_NO_PIC = NO;
				GCC_NO_COMMON_BLOCKS = YES;
				GCC_OPTIMIZATION_LEVEL = 0;
				GCC_PREPROCESSOR_DEFINITIONS = (
					"DEBUG=1",
					"$(inherited)",
				);
				GCC_WARN_64_TO_32_BIT_CONVERSION = YES;
				GCC_WARN_ABOUT_RETURN_TYPE = YES_ERROR;
				GCC_WARN_UNDECLARED_SELECTOR = YES;
				GCC_WARN_UNINITIALIZED_AUTOS = YES_AGGRESSIVE;
				GCC_WARN_UNUSED_FUNCTION = YES;
				GCC_WARN_UNUSED_VARIABLE = YES;
				IPHONEOS_DEPLOYMENT_TARGET = 14.0;
				MTL_ENABLE_DEBUG_INFO = INCLUDE_SOURCE;
				MTL_FAST_MATH = YES;
				ONLY_ACTIVE_ARCH = YES;
				SDKROOT = iphoneos;
				SWIFT_ACTIVE_COMPILATION_CONDITIONS = DEBUG;
				SWIFT_OPTIMIZATION_LEVEL = "-Onone";
			};
			name = Debug;
		};
		0430EFC32542DBFF00E4099E /* Release */ = {
			isa = XCBuildConfiguration;
			buildSettings = {
				ALWAYS_SEARCH_USER_PATHS = NO;
				CLANG_ANALYZER_NONNULL = YES;
				CLANG_ANALYZER_NUMBER_OBJECT_CONVERSION = YES_AGGRESSIVE;
				CLANG_CXX_LANGUAGE_STANDARD = "gnu++14";
				CLANG_CXX_LIBRARY = "libc++";
				CLANG_ENABLE_MODULES = YES;
				CLANG_ENABLE_OBJC_ARC = YES;
				CLANG_ENABLE_OBJC_WEAK = YES;
				CLANG_WARN_BLOCK_CAPTURE_AUTORELEASING = YES;
				CLANG_WARN_BOOL_CONVERSION = YES;
				CLANG_WARN_COMMA = YES;
				CLANG_WARN_CONSTANT_CONVERSION = YES;
				CLANG_WARN_DEPRECATED_OBJC_IMPLEMENTATIONS = YES;
				CLANG_WARN_DIRECT_OBJC_ISA_USAGE = YES_ERROR;
				CLANG_WARN_DOCUMENTATION_COMMENTS = YES;
				CLANG_WARN_EMPTY_BODY = YES;
				CLANG_WARN_ENUM_CONVERSION = YES;
				CLANG_WARN_INFINITE_RECURSION = YES;
				CLANG_WARN_INT_CONVERSION = YES;
				CLANG_WARN_NON_LITERAL_NULL_CONVERSION = YES;
				CLANG_WARN_OBJC_IMPLICIT_RETAIN_SELF = YES;
				CLANG_WARN_OBJC_LITERAL_CONVERSION = YES;
				CLANG_WARN_OBJC_ROOT_CLASS = YES_ERROR;
				CLANG_WARN_QUOTED_INCLUDE_IN_FRAMEWORK_HEADER = YES;
				CLANG_WARN_RANGE_LOOP_ANALYSIS = YES;
				CLANG_WARN_STRICT_PROTOTYPES = YES;
				CLANG_WARN_SUSPICIOUS_MOVE = YES;
				CLANG_WARN_UNGUARDED_AVAILABILITY = YES_AGGRESSIVE;
				CLANG_WARN_UNREACHABLE_CODE = YES;
				CLANG_WARN__DUPLICATE_METHOD_MATCH = YES;
				COPY_PHASE_STRIP = NO;
				DEBUG_INFORMATION_FORMAT = "dwarf-with-dsym";
				ENABLE_NS_ASSERTIONS = NO;
				ENABLE_STRICT_OBJC_MSGSEND = YES;
				GCC_C_LANGUAGE_STANDARD = gnu11;
				GCC_NO_COMMON_BLOCKS = YES;
				GCC_WARN_64_TO_32_BIT_CONVERSION = YES;
				GCC_WARN_ABOUT_RETURN_TYPE = YES_ERROR;
				GCC_WARN_UNDECLARED_SELECTOR = YES;
				GCC_WARN_UNINITIALIZED_AUTOS = YES_AGGRESSIVE;
				GCC_WARN_UNUSED_FUNCTION = YES;
				GCC_WARN_UNUSED_VARIABLE = YES;
				IPHONEOS_DEPLOYMENT_TARGET = 14.0;
				MTL_ENABLE_DEBUG_INFO = NO;
				MTL_FAST_MATH = YES;
				SDKROOT = iphoneos;
				SWIFT_COMPILATION_MODE = wholemodule;
				SWIFT_OPTIMIZATION_LEVEL = "-O";
				VALIDATE_PRODUCT = YES;
			};
			name = Release;
		};
		0430EFC52542DBFF00E4099E /* Debug */ = {
			isa = XCBuildConfiguration;
			buildSettings = {
				ASSETCATALOG_COMPILER_APPICON_NAME = AppIcon;
				ASSETCATALOG_COMPILER_GLOBAL_ACCENT_COLOR_NAME = AccentColor;
				CODE_SIGN_STYLE = Automatic;
				DEVELOPMENT_TEAM = 857J3M5L6B;
				INFOPLIST_FILE = AVPlayerSample/Info.plist;
				LD_RUNPATH_SEARCH_PATHS = (
					"$(inherited)",
					"@executable_path/Frameworks",
				);
				PRODUCT_BUNDLE_IDENTIFIER = com.Jungsu.AVPlayerSample;
				PRODUCT_NAME = "$(TARGET_NAME)";
				SWIFT_VERSION = 5.0;
				TARGETED_DEVICE_FAMILY = "1,2";
			};
			name = Debug;
		};
		0430EFC62542DBFF00E4099E /* Release */ = {
			isa = XCBuildConfiguration;
			buildSettings = {
				ASSETCATALOG_COMPILER_APPICON_NAME = AppIcon;
				ASSETCATALOG_COMPILER_GLOBAL_ACCENT_COLOR_NAME = AccentColor;
				CODE_SIGN_STYLE = Automatic;
				DEVELOPMENT_TEAM = 857J3M5L6B;
				INFOPLIST_FILE = AVPlayerSample/Info.plist;
				LD_RUNPATH_SEARCH_PATHS = (
					"$(inherited)",
					"@executable_path/Frameworks",
				);
				PRODUCT_BUNDLE_IDENTIFIER = com.Jungsu.AVPlayerSample;
				PRODUCT_NAME = "$(TARGET_NAME)";
				SWIFT_VERSION = 5.0;
				TARGETED_DEVICE_FAMILY = "1,2";
			};
			name = Release;
		};
/* End XCBuildConfiguration section */

/* Begin XCConfigurationList section */
		0430EFAB2542DBFE00E4099E /* Build configuration list for PBXProject "AVPlayerSample" */ = {
			isa = XCConfigurationList;
			buildConfigurations = (
				0430EFC22542DBFF00E4099E /* Debug */,
				0430EFC32542DBFF00E4099E /* Release */,
			);
			defaultConfigurationIsVisible = 0;
			defaultConfigurationName = Release;
		};
		0430EFC42542DBFF00E4099E /* Build configuration list for PBXNativeTarget "AVPlayerSample" */ = {
			isa = XCConfigurationList;
			buildConfigurations = (
				0430EFC52542DBFF00E4099E /* Debug */,
				0430EFC62542DBFF00E4099E /* Release */,
			);
			defaultConfigurationIsVisible = 0;
			defaultConfigurationName = Release;
		};
/* End XCConfigurationList section */
	};
	rootObject = 0430EFA82542DBFE00E4099E /* Project object */;
}
